
Microsoft Visual Studio Solution File, Format Version 12.00
# Visual Studio Version 17
VisualStudioVersion = 17.1.32421.90
MinimumVisualStudioVersion = 10.0.40219.1
Project("{FAE04EC0-301F-11D3-BF4B-00C04F79EFBC}") = "cau.federico.4h.MappaClasse", "cau.federico.4h.MappaClasse\cau.federico.4h.MappaClasse.csproj", "{F6BDDEEF-0D79-49D4-9262-50CAA72A5792}"
EndProject
Global
	GlobalSection(SolutionConfigurationPlatforms) = preSolution
		Debug|Any CPU = Debug|Any CPU
		Release|Any CPU = Release|Any CPU
	EndGlobalSection
	GlobalSection(ProjectConfigurationPlatforms) = postSolution
		{F6BDDEEF-0D79-49D4-9262-50CAA72A5792}.Debug|Any CPU.ActiveCfg = Debug|Any CPU
		{F6BDDEEF-0D79-49D4-9262-50CAA72A5792}.Debug|Any CPU.Build.0 = Debug|Any CPU
		{F6BDDEEF-0D79-49D4-9262-50CAA72A5792}.Release|Any CPU.ActiveCfg = Release|Any CPU
		{F6BDDEEF-0D79-49D4-9262-50CAA72A5792}.Release|Any CPU.Build.0 = Release|Any CPU
	EndGlobalSection
	GlobalSection(SolutionProperties) = preSolution
		HideSolutionNode = FALSE
	EndGlobalSection
	GlobalSection(ExtensibilityGlobals) = postSolution
		SolutionGuid = {1ABB35DF-AC1C-43AF-96EE-D5987B14DA3B}
	EndGlobalSection
EndGlobal
